
Microsoft Visual Studio Solution File, Format Version 12.00
# Visual Studio Version 17
VisualStudioVersion = 17.6.33829.357
MinimumVisualStudioVersion = 10.0.40219.1
Project("{FAE04EC0-301F-11D3-BF4B-00C04F79EFBC}") = "ConsoleApp4", "ConsoleApp4\ConsoleApp4.csproj", "{C9137192-D244-439C-930F-63EEC9FBFDE7}"
EndProject
Project("{FAE04EC0-301F-11D3-BF4B-00C04F79EFBC}") = "WinFormsApp1", "WinFormsApp1\WinFormsApp1.csproj", "{4E782E42-8C00-48D9-A6C1-2D84E8A9EF1D}"
EndProject
Global
	GlobalSection(SolutionConfigurationPlatforms) = preSolution
		Debug|Any CPU = Debug|Any CPU
		Release|Any CPU = Release|Any CPU
	EndGlobalSection
	GlobalSection(ProjectConfigurationPlatforms) = postSolution
		{C9137192-D244-439C-930F-63EEC9FBFDE7}.Debug|Any CPU.ActiveCfg = Debug|Any CPU
		{C9137192-D244-439C-930F-63EEC9FBFDE7}.Debug|Any CPU.Build.0 = Debug|Any CPU
		{C9137192-D244-439C-930F-63EEC9FBFDE7}.Release|Any CPU.ActiveCfg = Release|Any CPU
		{C9137192-D244-439C-930F-63EEC9FBFDE7}.Release|Any CPU.Build.0 = Release|Any CPU
		{4E782E42-8C00-48D9-A6C1-2D84E8A9EF1D}.Debug|Any CPU.ActiveCfg = Debug|Any CPU
		{4E782E42-8C00-48D9-A6C1-2D84E8A9EF1D}.Debug|Any CPU.Build.0 = Debug|Any CPU
		{4E782E42-8C00-48D9-A6C1-2D84E8A9EF1D}.Release|Any CPU.ActiveCfg = Release|Any CPU
		{4E782E42-8C00-48D9-A6C1-2D84E8A9EF1D}.Release|Any CPU.Build.0 = Release|Any CPU
	EndGlobalSection
	GlobalSection(SolutionProperties) = preSolution
		HideSolutionNode = FALSE
	EndGlobalSection
	GlobalSection(ExtensibilityGlobals) = postSolution
		SolutionGuid = {F2C46C2C-0227-4609-A576-796C029FE0C9}
	EndGlobalSection
EndGlobal
